
Microsoft Visual Studio Solution File, Format Version 12.00
# Visual Studio Version 16
VisualStudioVersion = 16.0.32126.315
MinimumVisualStudioVersion = 10.0.40219.1
Project("{FAE04EC0-301F-11D3-BF4B-00C04F79EFBC}") = "OnlineTicketBooking", "OnlineTicketBooking\OnlineTicketBooking.csproj", "{CDD89F0B-EA7F-41AE-A1B6-268E92914EDD}"
EndProject
Global
	GlobalSection(SolutionConfigurationPlatforms) = preSolution
		Debug|Any CPU = Debug|Any CPU
		Release|Any CPU = Release|Any CPU
	EndGlobalSection
	GlobalSection(ProjectConfigurationPlatforms) = postSolution
		{CDD89F0B-EA7F-41AE-A1B6-268E92914EDD}.Debug|Any CPU.ActiveCfg = Debug|Any CPU
		{CDD89F0B-EA7F-41AE-A1B6-268E92914EDD}.Debug|Any CPU.Build.0 = Debug|Any CPU
		{CDD89F0B-EA7F-41AE-A1B6-268E92914EDD}.Release|Any CPU.ActiveCfg = Release|Any CPU
		{CDD89F0B-EA7F-41AE-A1B6-268E92914EDD}.Release|Any CPU.Build.0 = Release|Any CPU
	EndGlobalSection
	GlobalSection(SolutionProperties) = preSolution
		HideSolutionNode = FALSE
	EndGlobalSection
	GlobalSection(ExtensibilityGlobals) = postSolution
		SolutionGuid = {91D08FA1-F582-4669-8E4A-C89775CFC299}
	EndGlobalSection
EndGlobal
